PODS:
  - Alamofire (4.8.0)
  - CodableAlamofire (1.1.0):
    - Alamofire (~> 4.0)
  - SwiftyJSON (4.2.0)

DEPENDENCIES:
  - CodableAlamofire
  - SwiftyJSON

SPEC REPOS:
  https://github.com/cocoapods/specs.git:
    - Alamofire
    - CodableAlamofire
    - SwiftyJSON

SPEC CHECKSUMS:
  Alamofire: 3ec537f71edc9804815215393ae2b1a8ea33a844
  CodableAlamofire: e2d2edcec7cf413f7862c30c8fa98eded27a83f9
  SwiftyJSON: c4bcba26dd9ec7a027fc8eade48e2c911f229e96

PODFILE CHECKSUM: 039f42072c7126e3d297feb256fad94a9c02d12f

COCOAPODS: 1.5.3
